
Microsoft Visual Studio Solution File, Format Version 12.00
# Visual Studio Version 16
VisualStudioVersion = 16.0.30523.141
MinimumVisualStudioVersion = 10.0.40219.1
Project("{FAE04EC0-301F-11D3-BF4B-00C04F79EFBC}") = "CreatEXcelQWWordOT", "CreatEXcelQWWordOT\CreatEXcelQWWordOT.csproj", "{3C463A67-1328-4188-93EC-7562BA5A4934}"
EndProject
Global
	GlobalSection(SolutionConfigurationPlatforms) = preSolution
		Debug|Any CPU = Debug|Any CPU
		Release|Any CPU = Release|Any CPU
	EndGlobalSection
	GlobalSection(ProjectConfigurationPlatforms) = postSolution
		{3C463A67-1328-4188-93EC-7562BA5A4934}.Debug|Any CPU.ActiveCfg = Debug|Any CPU
		{3C463A67-1328-4188-93EC-7562BA5A4934}.Debug|Any CPU.Build.0 = Debug|Any CPU
		{3C463A67-1328-4188-93EC-7562BA5A4934}.Release|Any CPU.ActiveCfg = Release|Any CPU
		{3C463A67-1328-4188-93EC-7562BA5A4934}.Release|Any CPU.Build.0 = Release|Any CPU
	EndGlobalSection
	GlobalSection(SolutionProperties) = preSolution
		HideSolutionNode = FALSE
	EndGlobalSection
	GlobalSection(ExtensibilityGlobals) = postSolution
		SolutionGuid = {6610478C-B5F7-4F3C-9D2C-000B7DF3B299}
	EndGlobalSection
EndGlobal
